
Microsoft Visual Studio Solution File, Format Version 12.00
# Visual Studio Version 17
VisualStudioVersion = 17.11.35327.3
MinimumVisualStudioVersion = 10.0.40219.1
Project("{9A19103F-16F7-4668-BE54-9A1E7A4F7556}") = "La Renza", "La Renza\La Renza.csproj", "{EAEC333A-0CD1-4112-8655-892576F42EDD}"
EndProject
Project("{54A90642-561A-4BB1-A94E-469ADEE60C69}") = "clientapp", "ClientApp\clientapp.esproj", "{785AAF38-B510-4313-B923-EA06BB282272}"
EndProject
Global
	GlobalSection(SolutionConfigurationPlatforms) = preSolution
		Debug|Any CPU = Debug|Any CPU
		Release|Any CPU = Release|Any CPU
	EndGlobalSection
	GlobalSection(ProjectConfigurationPlatforms) = postSolution
		{EAEC333A-0CD1-4112-8655-892576F42EDD}.Debug|Any CPU.ActiveCfg = Debug|Any CPU
		{EAEC333A-0CD1-4112-8655-892576F42EDD}.Debug|Any CPU.Build.0 = Debug|Any CPU
		{EAEC333A-0CD1-4112-8655-892576F42EDD}.Release|Any CPU.ActiveCfg = Release|Any CPU
		{EAEC333A-0CD1-4112-8655-892576F42EDD}.Release|Any CPU.Build.0 = Release|Any CPU
		{785AAF38-B510-4313-B923-EA06BB282272}.Debug|Any CPU.ActiveCfg = Debug|Any CPU
		{785AAF38-B510-4313-B923-EA06BB282272}.Debug|Any CPU.Build.0 = Debug|Any CPU
		{785AAF38-B510-4313-B923-EA06BB282272}.Debug|Any CPU.Deploy.0 = Debug|Any CPU
		{785AAF38-B510-4313-B923-EA06BB282272}.Release|Any CPU.ActiveCfg = Release|Any CPU
		{785AAF38-B510-4313-B923-EA06BB282272}.Release|Any CPU.Build.0 = Release|Any CPU
		{785AAF38-B510-4313-B923-EA06BB282272}.Release|Any CPU.Deploy.0 = Release|Any CPU
	EndGlobalSection
	GlobalSection(SolutionProperties) = preSolution
		HideSolutionNode = FALSE
	EndGlobalSection
	GlobalSection(ExtensibilityGlobals) = postSolution
		SolutionGuid = {ECE0F3A7-0E98-4D8B-9494-3C69AA40CAD8}
	EndGlobalSection
EndGlobal
